{
  "name": "roomie",
  "lockfileVersion": 3,
  "requires": true,
  "packages": {
    "": {
      "dependencies": {
        "cryptography": "^1.2.3"
      }
    },
    "node_modules/cryptography": {
      "version": "1.2.3",
      "resolved": "https://registry.npmjs.org/cryptography/-/cryptography-1.2.3.tgz",
      "integrity": "sha512-T3aCQGYU0z3+u+vzq3d2WhhHzk/XhxNoiohvWzNKsa62KoSzZ0U3gDHRB7GI8MUX7aFXH8Bru5iqGtZyOIx1HQ==",
      "dependencies": {
        "lodash": "4",
        "when": "3"
      }
    },
    "node_modules/lodash": {
      "version": "4.17.21",
      "resolved": "https://registry.npmjs.org/lodash/-/lodash-4.17.21.tgz",
      "integrity": "sha512-v2kDEe57lecTulaDIuNTPy3Ry4gLGJ6Z1O3vE1krgXZNrsQ+LFTGHVxVjcXPs17LhbZVGedAJv8XZ1tvj5FvSg=="
    },
    "node_modules/when": {
      "version": "3.7.8",
      "resolved": "https://registry.npmjs.org/when/-/when-3.7.8.tgz",
      "integrity": "sha512-5cZ7mecD3eYcMiCH4wtRPA5iFJZ50BJYDfckI5RRpQiktMiYTcn0ccLTZOvcbBume+1304fQztxeNzNS9Gvrnw=="
    }
  }
}
